
Microsoft Visual Studio Solution File, Format Version 12.00
# Visual Studio Version 17
VisualStudioVersion = 17.5.33516.290
MinimumVisualStudioVersion = 10.0.40219.1
Project("{FAE04EC0-301F-11D3-BF4B-00C04F79EFBC}") = "TerrariaText", "TerrariaText\TerrariaText.csproj", "{465E9EB4-AD75-4F2C-9FE6-709FF31E0620}"
EndProject
Global
	GlobalSection(SolutionConfigurationPlatforms) = preSolution
		Debug|Any CPU = Debug|Any CPU
		Release|Any CPU = Release|Any CPU
	EndGlobalSection
	GlobalSection(ProjectConfigurationPlatforms) = postSolution
		{465E9EB4-AD75-4F2C-9FE6-709FF31E0620}.Debug|Any CPU.ActiveCfg = Debug|Any CPU
		{465E9EB4-AD75-4F2C-9FE6-709FF31E0620}.Debug|Any CPU.Build.0 = Debug|Any CPU
		{465E9EB4-AD75-4F2C-9FE6-709FF31E0620}.Release|Any CPU.ActiveCfg = Release|Any CPU
		{465E9EB4-AD75-4F2C-9FE6-709FF31E0620}.Release|Any CPU.Build.0 = Release|Any CPU
	EndGlobalSection
	GlobalSection(SolutionProperties) = preSolution
		HideSolutionNode = FALSE
	EndGlobalSection
	GlobalSection(ExtensibilityGlobals) = postSolution
		SolutionGuid = {D792D688-11B8-4F28-9577-EAEEBC1C8B7A}
	EndGlobalSection
EndGlobal
